
Microsoft Visual Studio Solution File, Format Version 12.00
# Visual Studio 15
VisualStudioVersion = 15.0.27703.2047
MinimumVisualStudioVersion = 10.0.40219.1
Project("{FAE04EC0-301F-11D3-BF4B-00C04F79EFBC}") = "STFExecutorWindowsService", "STFExecutorWindowsService\STFExecutorWindowsService.csproj", "{510189BC-AF51-4697-95DB-53DA56685059}"
EndProject
Project("{FAE04EC0-301F-11D3-BF4B-00C04F79EFBC}") = "TestConsole", "TestConsole\TestConsole.csproj", "{8A2B3E3E-A739-46C0-B63D-FEBC74ACFDC9}"
EndProject
Project("{FAE04EC0-301F-11D3-BF4B-00C04F79EFBC}") = "LoggerService", "LoggerService\LoggerService.csproj", "{936BC83C-0118-46DE-989D-83342B342735}"
EndProject
Global
	GlobalSection(SolutionConfigurationPlatforms) = preSolution
		Debug|Any CPU = Debug|Any CPU
		Release|Any CPU = Release|Any CPU
	EndGlobalSection
	GlobalSection(ProjectConfigurationPlatforms) = postSolution
		{510189BC-AF51-4697-95DB-53DA56685059}.Debug|Any CPU.ActiveCfg = Debug|Any CPU
		{510189BC-AF51-4697-95DB-53DA56685059}.Debug|Any CPU.Build.0 = Debug|Any CPU
		{510189BC-AF51-4697-95DB-53DA56685059}.Release|Any CPU.ActiveCfg = Release|Any CPU
		{510189BC-AF51-4697-95DB-53DA56685059}.Release|Any CPU.Build.0 = Release|Any CPU
		{8A2B3E3E-A739-46C0-B63D-FEBC74ACFDC9}.Debug|Any CPU.ActiveCfg = Debug|Any CPU
		{8A2B3E3E-A739-46C0-B63D-FEBC74ACFDC9}.Debug|Any CPU.Build.0 = Debug|Any CPU
		{8A2B3E3E-A739-46C0-B63D-FEBC74ACFDC9}.Release|Any CPU.ActiveCfg = Release|Any CPU
		{8A2B3E3E-A739-46C0-B63D-FEBC74ACFDC9}.Release|Any CPU.Build.0 = Release|Any CPU
		{936BC83C-0118-46DE-989D-83342B342735}.Debug|Any CPU.ActiveCfg = Debug|Any CPU
		{936BC83C-0118-46DE-989D-83342B342735}.Debug|Any CPU.Build.0 = Debug|Any CPU
		{936BC83C-0118-46DE-989D-83342B342735}.Release|Any CPU.ActiveCfg = Release|Any CPU
		{936BC83C-0118-46DE-989D-83342B342735}.Release|Any CPU.Build.0 = Release|Any CPU
	EndGlobalSection
	GlobalSection(SolutionProperties) = preSolution
		HideSolutionNode = FALSE
	EndGlobalSection
	GlobalSection(ExtensibilityGlobals) = postSolution
		SolutionGuid = {DAD59708-F44E-428D-9B38-D4B0513D00FB}
	EndGlobalSection
EndGlobal
